// !$*UTF8*$!
{
	archiveVersion = 1;
	classes = {
	};
	objectVersion = 50;
	objects = {

/* Begin PBXBuildFile section */
		C882697926B360CA00502999 /* Constant.swift in Sources */ = {isa = PBXBuildFile; fileRef = C882697826B360CA00502999 /* Constant.swift */; };
		C8AFBB3826B32E4E004D7C29 /* DevoteApp.swift in Sources */ = {isa = PBXBuildFile; fileRef = C8AFBB3726B32E4E004D7C29 /* DevoteApp.swift */; };
		C8AFBB3A26B32E4E004D7C29 /* ContentView.swift in Sources */ = {isa = PBXBuildFile; fileRef = C8AFBB3926B32E4E004D7C29 /* ContentView.swift */; };
		C8AFBB3C26B32E51004D7C29 /* Assets.xcassets in Resources */ = {isa = PBXBuildFile; fileRef = C8AFBB3B26B32E51004D7C29 /* Assets.xcassets */; };
		C8AFBB3F26B32E51004D7C29 /* Preview Assets.xcassets in Resources */ = {isa = PBXBuildFile; fileRef = C8AFBB3E26B32E51004D7C29 /* Preview Assets.xcassets */; };
		C8AFBB4126B32E51004D7C29 /* Persistence.swift in Sources */ = {isa = PBXBuildFile; fileRef = C8AFBB4026B32E51004D7C29 /* Persistence.swift */; };
		C8AFBB4426B32E51004D7C29 /* Devote.xcdatamodeld in Sources */ = {isa = PBXBuildFile; fileRef = C8AFBB4226B32E51004D7C29 /* Devote.xcdatamodeld */; };
		C8AFBB4E26B32F94004D7C29 /* sound-ding.mp3 in Resources */ = {isa = PBXBuildFile; fileRef = C8AFBB4B26B32F94004D7C29 /* sound-ding.mp3 */; };
		C8AFBB4F26B32F94004D7C29 /* sound-rise.mp3 in Resources */ = {isa = PBXBuildFile; fileRef = C8AFBB4C26B32F94004D7C29 /* sound-rise.mp3 */; };
		C8AFBB5026B32F94004D7C29 /* sound-tap.mp3 in Resources */ = {isa = PBXBuildFile; fileRef = C8AFBB4D26B32F94004D7C29 /* sound-tap.mp3 */; };
/* End PBXBuildFile section */

/* Begin PBXFileReference section */
		C882697826B360CA00502999 /* Constant.swift */ = {isa = PBXFileReference; lastKnownFileType = sourcecode.swift; path = Constant.swift; sourceTree = "<group>"; };
		C8AFBB3426B32E4E004D7C29 /* Devote.app */ = {isa = PBXFileReference; explicitFileType = wrapper.application; includeInIndex = 0; path = Devote.app; sourceTree = BUILT_PRODUCTS_DIR; };
		C8AFBB3726B32E4E004D7C29 /* DevoteApp.swift */ = {isa = PBXFileReference; lastKnownFileType = sourcecode.swift; path = DevoteApp.swift; sourceTree = "<group>"; };
		C8AFBB3926B32E4E004D7C29 /* ContentView.swift */ = {isa = PBXFileReference; lastKnownFileType = sourcecode.swift; path = ContentView.swift; sourceTree = "<group>"; };
		C8AFBB3B26B32E51004D7C29 /* Assets.xcassets */ = {isa = PBXFileReference; lastKnownFileType = folder.assetcatalog; path = Assets.xcassets; sourceTree = "<group>"; };
		C8AFBB3E26B32E51004D7C29 /* Preview Assets.xcassets */ = {isa = PBXFileReference; lastKnownFileType = folder.assetcatalog; path = "Preview Assets.xcassets"; sourceTree = "<group>"; };
		C8AFBB4026B32E51004D7C29 /* Persistence.swift */ = {isa = PBXFileReference; lastKnownFileType = sourcecode.swift; path = Persistence.swift; sourceTree = "<group>"; };
		C8AFBB4326B32E51004D7C29 /* Devote.xcdatamodel */ = {isa = PBXFileReference; lastKnownFileType = wrapper.xcdatamodel; path = Devote.xcdatamodel; sourceTree = "<group>"; };
		C8AFBB4526B32E51004D7C29 /* Info.plist */ = {isa = PBXFileReference; lastKnownFileType = text.plist.xml; path = Info.plist; sourceTree = "<group>"; };
		C8AFBB4B26B32F94004D7C29 /* sound-ding.mp3 */ = {isa = PBXFileReference; lastKnownFileType = audio.mp3; path = "sound-ding.mp3"; sourceTree = "<group>"; };
		C8AFBB4C26B32F94004D7C29 /* sound-rise.mp3 */ = {isa = PBXFileReference; lastKnownFileType = audio.mp3; path = "sound-rise.mp3"; sourceTree = "<group>"; };
		C8AFBB4D26B32F94004D7C29 /* sound-tap.mp3 */ = {isa = PBXFileReference; lastKnownFileType = audio.mp3; path = "sound-tap.mp3"; sourceTree = "<group>"; };
/* End PBXFileReference section */

/* Begin PBXFrameworksBuildPhase section */
		C8AFBB3126B32E4E004D7C29 /* Frameworks */ = {
			isa = PBXFrameworksBuildPhase;
			buildActionMask = 2147483647;
			files = (
			);
			runOnlyForDeploymentPostprocessing = 0;
		};
/* End PBXFrameworksBuildPhase section */

/* Begin PBXGroup section */
		C8AFBB2B26B32E4E004D7C29 = {
			isa = PBXGroup;
			children = (
				C8AFBB3626B32E4E004D7C29 /* Devote */,
				C8AFBB3526B32E4E004D7C29 /* Products */,
			);
			sourceTree = "<group>";
		};
		C8AFBB3526B32E4E004D7C29 /* Products */ = {
			isa = PBXGroup;
			children = (
				C8AFBB3426B32E4E004D7C29 /* Devote.app */,
			);
			name = Products;
			sourceTree = "<group>";
		};
		C8AFBB3626B32E4E004D7C29 /* Devote */ = {
			isa = PBXGroup;
			children = (
				C8AFBB5526B33019004D7C29 /* Style */,
				C8AFBB5426B33009004D7C29 /* Utility */,
				C8AFBB5326B32FEA004D7C29 /* Extension */,
				C8AFBB5226B32FE4004D7C29 /* View */,
				C8AFBB5126B32FDB004D7C29 /* Sound */,
				C8AFBB3726B32E4E004D7C29 /* DevoteApp.swift */,
				C8AFBB3B26B32E51004D7C29 /* Assets.xcassets */,
				C8AFBB5626B3303A004D7C29 /* Model */,
				C8AFBB4526B32E51004D7C29 /* Info.plist */,
				C8AFBB3D26B32E51004D7C29 /* Preview Content */,
			);
			path = Devote;
			sourceTree = "<group>";
		};
		C8AFBB3D26B32E51004D7C29 /* Preview Content */ = {
			isa = PBXGroup;
			children = (
				C8AFBB3E26B32E51004D7C29 /* Preview Assets.xcassets */,
			);
			path = "Preview Content";
			sourceTree = "<group>";
		};
		C8AFBB5126B32FDB004D7C29 /* Sound */ = {
			isa = PBXGroup;
			children = (
				C8AFBB4B26B32F94004D7C29 /* sound-ding.mp3 */,
				C8AFBB4C26B32F94004D7C29 /* sound-rise.mp3 */,
				C8AFBB4D26B32F94004D7C29 /* sound-tap.mp3 */,
			);
			path = Sound;
			sourceTree = "<group>";
		};
		C8AFBB5226B32FE4004D7C29 /* View */ = {
			isa = PBXGroup;
			children = (
				C8AFBB3926B32E4E004D7C29 /* ContentView.swift */,
			);
			path = View;
			sourceTree = "<group>";
		};
		C8AFBB5326B32FEA004D7C29 /* Extension */ = {
			isa = PBXGroup;
			children = (
			);
			path = Extension;
			sourceTree = "<group>";
		};
		C8AFBB5426B33009004D7C29 /* Utility */ = {
			isa = PBXGroup;
			children = (
				C882697826B360CA00502999 /* Constant.swift */,
			);
			path = Utility;
			sourceTree = "<group>";
		};
		C8AFBB5526B33019004D7C29 /* Style */ = {
			isa = PBXGroup;
			children = (
			);
			path = Style;
			sourceTree = "<group>";
		};
		C8AFBB5626B3303A004D7C29 /* Model */ = {
			isa = PBXGroup;
			children = (
				C8AFBB4026B32E51004D7C29 /* Persistence.swift */,
				C8AFBB4226B32E51004D7C29 /* Devote.xcdatamodeld */,
			);
			path = Model;
			sourceTree = "<group>";
		};
/* End PBXGroup section */

/* Begin PBXNativeTarget section */
		C8AFBB3326B32E4E004D7C29 /* Devote */ = {
			isa = PBXNativeTarget;
			buildConfigurationList = C8AFBB4826B32E51004D7C29 /* Build configuration list for PBXNativeTarget "Devote" */;
			buildPhases = (
				C8AFBB3026B32E4E004D7C29 /* Sources */,
				C8AFBB3126B32E4E004D7C29 /* Frameworks */,
				C8AFBB3226B32E4E004D7C29 /* Resources */,
			);
			buildRules = (
			);
			dependencies = (
			);
			name = Devote;
			productName = Devote;
			productReference = C8AFBB3426B32E4E004D7C29 /* Devote.app */;
			productType = "com.apple.product-type.application";
		};
/* End PBXNativeTarget section */

/* Begin PBXProject section */
		C8AFBB2C26B32E4E004D7C29 /* Project object */ = {
			isa = PBXProject;
			attributes = {
				LastSwiftUpdateCheck = 1250;
				LastUpgradeCheck = 1250;
				TargetAttributes = {
					C8AFBB3326B32E4E004D7C29 = {
						CreatedOnToolsVersion = 12.5.1;
					};
				};
			};
			buildConfigurationList = C8AFBB2F26B32E4E004D7C29 /* Build configuration list for PBXProject "Devote" */;
			compatibilityVersion = "Xcode 9.3";
			developmentRegion = en;
			hasScannedForEncodings = 0;
			knownRegions = (
				en,
				Base,
			);
			mainGroup = C8AFBB2B26B32E4E004D7C29;
			productRefGroup = C8AFBB3526B32E4E004D7C29 /* Products */;
			projectDirPath = "";
			projectRoot = "";
			targets = (
				C8AFBB3326B32E4E004D7C29 /* Devote */,
			);
		};
/* End PBXProject section */

/* Begin PBXResourcesBuildPhase section */
		C8AFBB3226B32E4E004D7C29 /* Resources */ = {
			isa = PBXResourcesBuildPhase;
			buildActionMask = 2147483647;
			files = (
				C8AFBB3F26B32E51004D7C29 /* Preview Assets.xcassets in Resources */,
				C8AFBB4F26B32F94004D7C29 /* sound-rise.mp3 in Resources */,
				C8AFBB3C26B32E51004D7C29 /* Assets.xcassets in Resources */,
				C8AFBB5026B32F94004D7C29 /* sound-tap.mp3 in Resources */,
				C8AFBB4E26B32F94004D7C29 /* sound-ding.mp3 in Resources */,
			);
			runOnlyForDeploymentPostprocessing = 0;
		};
/* End PBXResourcesBuildPhase section */

/* Begin PBXSourcesBuildPhase section */
		C8AFBB3026B32E4E004D7C29 /* Sources */ = {
			isa = PBXSourcesBuildPhase;
			buildActionMask = 2147483647;
			files = (
				C8AFBB4126B32E51004D7C29 /* Persistence.swift in Sources */,
				C8AFBB3A26B32E4E004D7C29 /* ContentView.swift in Sources */,
				C882697926B360CA00502999 /* Constant.swift in Sources */,
				C8AFBB4426B32E51004D7C29 /* Devote.xcdatamodeld in Sources */,
				C8AFBB3826B32E4E004D7C29 /* DevoteApp.swift in Sources */,
			);
			runOnlyForDeploymentPostprocessing = 0;
		};
/* End PBXSourcesBuildPhase section */

/* Begin XCBuildConfiguration section */
		C8AFBB4626B32E51004D7C29 /* Debug */ = {
			isa = XCBuildConfiguration;
			buildSettings = {
				ALWAYS_SEARCH_USER_PATHS = NO;
				CLANG_ANALYZER_NONNULL = YES;
				CLANG_ANALYZER_NUMBER_OBJECT_CONVERSION = YES_AGGRESSIVE;
				CLANG_CXX_LANGUAGE_STANDARD = "gnu++14";
				CLANG_CXX_LIBRARY = "libc++";
				CLANG_ENABLE_MODULES = YES;
				CLANG_ENABLE_OBJC_ARC = YES;
				CLANG_ENABLE_OBJC_WEAK = YES;
				CLANG_WARN_BLOCK_CAPTURE_AUTORELEASING = YES;
				CLANG_WARN_BOOL_CONVERSION = YES;
				CLANG_WARN_COMMA = YES;
				CLANG_WARN_CONSTANT_CONVERSION = YES;
				CLANG_WARN_DEPRECATED_OBJC_IMPLEMENTATIONS = YES;
				CLANG_WARN_DIRECT_OBJC_ISA_USAGE = YES_ERROR;
				CLANG_WARN_DOCUMENTATION_COMMENTS = YES;
				CLANG_WARN_EMPTY_BODY = YES;
				CLANG_WARN_ENUM_CONVERSION = YES;
				CLANG_WARN_INFINITE_RECURSION = YES;
				CLANG_WARN_INT_CONVERSION = YES;
				CLANG_WARN_NON_LITERAL_NULL_CONVERSION = YES;
				CLANG_WARN_OBJC_IMPLICIT_RETAIN_SELF = YES;
				CLANG_WARN_OBJC_LITERAL_CONVERSION = YES;
				CLANG_WARN_OBJC_ROOT_CLASS = YES_ERROR;
				CLANG_WARN_QUOTED_INCLUDE_IN_FRAMEWORK_HEADER = YES;
				CLANG_WARN_RANGE_LOOP_ANALYSIS = YES;
				CLANG_WARN_STRICT_PROTOTYPES = YES;
				CLANG_WARN_SUSPICIOUS_MOVE = YES;
				CLANG_WARN_UNGUARDED_AVAILABILITY = YES_AGGRESSIVE;
				CLANG_WARN_UNREACHABLE_CODE = YES;
				CLANG_WARN__DUPLICATE_METHOD_MATCH = YES;
				COPY_PHASE_STRIP = NO;
				DEBUG_INFORMATION_FORMAT = dwarf;
				ENABLE_STRICT_OBJC_MSGSEND = YES;
				ENABLE_TESTABILITY = YES;
				GCC_C_LANGUAGE_STANDARD = gnu11;
				GCC_DYNAMIC_NO_PIC = NO;
				GCC_NO_COMMON_BLOCKS = YES;
				GCC_OPTIMIZATION_LEVEL = 0;
				GCC_PREPROCESSOR_DEFINITIONS = (
					"DEBUG=1",
					"$(inherited)",
				);
				GCC_WARN_64_TO_32_BIT_CONVERSION = YES;
				GCC_WARN_ABOUT_RETURN_TYPE = YES_ERROR;
				GCC_WARN_UNDECLARED_SELECTOR = YES;
				GCC_WARN_UNINITIALIZED_AUTOS = YES_AGGRESSIVE;
				GCC_WARN_UNUSED_FUNCTION = YES;
				GCC_WARN_UNUSED_VARIABLE = YES;
				IPHONEOS_DEPLOYMENT_TARGET = 14.5;
				MTL_ENABLE_DEBUG_INFO = INCLUDE_SOURCE;
				MTL_FAST_MATH = YES;
				ONLY_ACTIVE_ARCH = YES;
				SDKROOT = iphoneos;
				SWIFT_ACTIVE_COMPILATION_CONDITIONS = DEBUG;
				SWIFT_OPTIMIZATION_LEVEL = "-Onone";
			};
			name = Debug;
		};
		C8AFBB4726B32E51004D7C29 /* Release */ = {
			isa = XCBuildConfiguration;
			buildSettings = {
				ALWAYS_SEARCH_USER_PATHS = NO;
				CLANG_ANALYZER_NONNULL = YES;
				CLANG_ANALYZER_NUMBER_OBJECT_CONVERSION = YES_AGGRESSIVE;
				CLANG_CXX_LANGUAGE_STANDARD = "gnu++14";
				CLANG_CXX_LIBRARY = "libc++";
				CLANG_ENABLE_MODULES = YES;
				CLANG_ENABLE_OBJC_ARC = YES;
				CLANG_ENABLE_OBJC_WEAK = YES;
				CLANG_WARN_BLOCK_CAPTURE_AUTORELEASING = YES;
				CLANG_WARN_BOOL_CONVERSION = YES;
				CLANG_WARN_COMMA = YES;
				CLANG_WARN_CONSTANT_CONVERSION = YES;
				CLANG_WARN_DEPRECATED_OBJC_IMPLEMENTATIONS = YES;
				CLANG_WARN_DIRECT_OBJC_ISA_USAGE = YES_ERROR;
				CLANG_WARN_DOCUMENTATION_COMMENTS = YES;
				CLANG_WARN_EMPTY_BODY = YES;
				CLANG_WARN_ENUM_CONVERSION = YES;
				CLANG_WARN_INFINITE_RECURSION = YES;
				CLANG_WARN_INT_CONVERSION = YES;
				CLANG_WARN_NON_LITERAL_NULL_CONVERSION = YES;
				CLANG_WARN_OBJC_IMPLICIT_RETAIN_SELF = YES;
				CLANG_WARN_OBJC_LITERAL_CONVERSION = YES;
				CLANG_WARN_OBJC_ROOT_CLASS = YES_ERROR;
				CLANG_WARN_QUOTED_INCLUDE_IN_FRAMEWORK_HEADER = YES;
				CLANG_WARN_RANGE_LOOP_ANALYSIS = YES;
				CLANG_WARN_STRICT_PROTOTYPES = YES;
				CLANG_WARN_SUSPICIOUS_MOVE = YES;
				CLANG_WARN_UNGUARDED_AVAILABILITY = YES_AGGRESSIVE;
				CLANG_WARN_UNREACHABLE_CODE = YES;
				CLANG_WARN__DUPLICATE_METHOD_MATCH = YES;
				COPY_PHASE_STRIP = NO;
				DEBUG_INFORMATION_FORMAT = "dwarf-with-dsym";
				ENABLE_NS_ASSERTIONS = NO;
				ENABLE_STRICT_OBJC_MSGSEND = YES;
				GCC_C_LANGUAGE_STANDARD = gnu11;
				GCC_NO_COMMON_BLOCKS = YES;
				GCC_WARN_64_TO_32_BIT_CONVERSION = YES;
				GCC_WARN_ABOUT_RETURN_TYPE = YES_ERROR;
				GCC_WARN_UNDECLARED_SELECTOR = YES;
				GCC_WARN_UNINITIALIZED_AUTOS = YES_AGGRESSIVE;
				GCC_WARN_UNUSED_FUNCTION = YES;
				GCC_WARN_UNUSED_VARIABLE = YES;
				IPHONEOS_DEPLOYMENT_TARGET = 14.5;
				MTL_ENABLE_DEBUG_INFO = NO;
				MTL_FAST_MATH = YES;
				SDKROOT = iphoneos;
				SWIFT_COMPILATION_MODE = wholemodule;
				SWIFT_OPTIMIZATION_LEVEL = "-O";
				VALIDATE_PRODUCT = YES;
			};
			name = Release;
		};
		C8AFBB4926B32E51004D7C29 /* Debug */ = {
			isa = XCBuildConfiguration;
			buildSettings = {
				ASSETCATALOG_COMPILER_APPICON_NAME = AppIcon;
				ASSETCATALOG_COMPILER_GLOBAL_ACCENT_COLOR_NAME = AccentColor;
				CODE_SIGN_STYLE = Automatic;
				DEVELOPMENT_ASSET_PATHS = "\"Devote/Preview Content\"";
				DEVELOPMENT_TEAM = FTU2HFGK26;
				ENABLE_PREVIEWS = YES;
				INFOPLIST_FILE = Devote/Info.plist;
				IPHONEOS_DEPLOYMENT_TARGET = 14.0;
				LD_RUNPATH_SEARCH_PATHS = (
					"$(inherited)",
					"@executable_path/Frameworks",
				);
				PRODUCT_BUNDLE_IDENTIFIER = ZdenoCepan.Devote;
				PRODUCT_NAME = "$(TARGET_NAME)";
				SWIFT_VERSION = 5.0;
				TARGETED_DEVICE_FAMILY = "1,2";
			};
			name = Debug;
		};
		C8AFBB4A26B32E51004D7C29 /* Release */ = {
			isa = XCBuildConfiguration;
			buildSettings = {
				ASSETCATALOG_COMPILER_APPICON_NAME = AppIcon;
				ASSETCATALOG_COMPILER_GLOBAL_ACCENT_COLOR_NAME = AccentColor;
				CODE_SIGN_STYLE = Automatic;
				DEVELOPMENT_ASSET_PATHS = "\"Devote/Preview Content\"";
				DEVELOPMENT_TEAM = FTU2HFGK26;
				ENABLE_PREVIEWS = YES;
				INFOPLIST_FILE = Devote/Info.plist;
				IPHONEOS_DEPLOYMENT_TARGET = 14.0;
				LD_RUNPATH_SEARCH_PATHS = (
					"$(inherited)",
					"@executable_path/Frameworks",
				);
				PRODUCT_BUNDLE_IDENTIFIER = ZdenoCepan.Devote;
				PRODUCT_NAME = "$(TARGET_NAME)";
				SWIFT_VERSION = 5.0;
				TARGETED_DEVICE_FAMILY = "1,2";
			};
			name = Release;
		};
/* End XCBuildConfiguration section */

/* Begin XCConfigurationList section */
		C8AFBB2F26B32E4E004D7C29 /* Build configuration list for PBXProject "Devote" */ = {
			isa = XCConfigurationList;
			buildConfigurations = (
				C8AFBB4626B32E51004D7C29 /* Debug */,
				C8AFBB4726B32E51004D7C29 /* Release */,
			);
			defaultConfigurationIsVisible = 0;
			defaultConfigurationName = Release;
		};
		C8AFBB4826B32E51004D7C29 /* Build configuration list for PBXNativeTarget "Devote" */ = {
			isa = XCConfigurationList;
			buildConfigurations = (
				C8AFBB4926B32E51004D7C29 /* Debug */,
				C8AFBB4A26B32E51004D7C29 /* Release */,
			);
			defaultConfigurationIsVisible = 0;
			defaultConfigurationName = Release;
		};
/* End XCConfigurationList section */

/* Begin XCVersionGroup section */
		C8AFBB4226B32E51004D7C29 /* Devote.xcdatamodeld */ = {
			isa = XCVersionGroup;
			children = (
				C8AFBB4326B32E51004D7C29 /* Devote.xcdatamodel */,
			);
			currentVersion = C8AFBB4326B32E51004D7C29 /* Devote.xcdatamodel */;
			path = Devote.xcdatamodeld;
			sourceTree = "<group>";
			versionGroupType = wrapper.xcdatamodel;
		};
/* End XCVersionGroup section */
	};
	rootObject = C8AFBB2C26B32E4E004D7C29 /* Project object */;
}
